
Microsoft Visual Studio Solution File, Format Version 12.00
# Visual Studio Version 17
VisualStudioVersion = 17.8.34408.163
MinimumVisualStudioVersion = 10.0.40219.1
Project("{2150E333-8FDC-42A3-9474-1A3956D46DE8}") = "Domains", "Domains", "{F151B4FD-5D6B-4568-946E-EC17845ED003}"
EndProject
Project("{2150E333-8FDC-42A3-9474-1A3956D46DE8}") = "BuildingBlocks", "BuildingBlocks", "{D8B97A53-C5BE-4875-BE5D-E8AE032CA715}"
EndProject
Project("{9A19103F-16F7-4668-BE54-9A1E7A4F7556}") = "MDSF.BuildingBlocks", "BuildingBlocks\MDSF.BuildingBlocks\MDSF.BuildingBlocks.csproj", "{AE1904EC-DD87-4FBA-A0E7-205CB3405F67}"
EndProject
Project("{9A19103F-16F7-4668-BE54-9A1E7A4F7556}") = "MDSF.Operator", "Domains\MDSF.Operator\MDSF.Operator.csproj", "{75ED3978-9B31-4B60-A182-BDE413DC0145}"
EndProject
Project("{9A19103F-16F7-4668-BE54-9A1E7A4F7556}") = "MDSF.CrossDomains", "Domains\MDSF.CrossDomains\MDSF.CrossDomains.csproj", "{1596B561-F017-4A90-A44C-D72313D1AC70}"
EndProject
Project("{2150E333-8FDC-42A3-9474-1A3956D46DE8}") = "EndPoints", "EndPoints", "{11543856-E345-4FB6-82F7-82589EE5A271}"
EndProject
Project("{2150E333-8FDC-42A3-9474-1A3956D46DE8}") = "Web", "Web", "{8416C44F-BA02-4937-8677-0A878372910F}"
EndProject
Project("{2150E333-8FDC-42A3-9474-1A3956D46DE8}") = "Win", "Win", "{1DA4FE66-8DFC-45A2-93F6-46A1022D7F37}"
EndProject
Project("{9A19103F-16F7-4668-BE54-9A1E7A4F7556}") = "MDSF.Win", "EndPoints\Win\MDSF.Win\MDSF.Win.csproj", "{8497E8BF-948C-4531-AC74-B286416F00CA}"
EndProject
Project("{2150E333-8FDC-42A3-9474-1A3956D46DE8}") = "Blazor", "Blazor", "{097266CC-52DC-4EF9-A7C1-7C85FAFE7A3D}"
EndProject
Project("{9A19103F-16F7-4668-BE54-9A1E7A4F7556}") = "MDSF.API", "EndPoints\Web\Api\MDSF.API\MDSF.API.csproj", "{0D69F199-E13F-4AFE-848D-FBBFFAD40E08}"
EndProject
Project("{9A19103F-16F7-4668-BE54-9A1E7A4F7556}") = "MDSF.Blazor", "EndPoints\Web\Blazor\MDSF.Blazor\MDSF.Blazor\MDSF.Blazor.csproj", "{18A13327-F091-476E-9539-AA38CD60CF3B}"
EndProject
Project("{9A19103F-16F7-4668-BE54-9A1E7A4F7556}") = "MDSF.Blazor.Client", "EndPoints\Web\Blazor\MDSF.Blazor\MDSF.Blazor.Client\MDSF.Blazor.Client.csproj", "{36A93D82-056F-48C6-8E99-A86F716500EB}"
EndProject
Project("{2150E333-8FDC-42A3-9474-1A3956D46DE8}") = "Api", "Api", "{42F66CB6-5D86-4E3D-8ACC-A52C9E76A38E}"
EndProject
Project("{2150E333-8FDC-42A3-9474-1A3956D46DE8}") = "MVC", "MVC", "{B2F10C4B-07A8-44E3-8C33-F915F105B43D}"
EndProject
Project("{9A19103F-16F7-4668-BE54-9A1E7A4F7556}") = "MDSF.MVC", "EndPoints\Web\MVC\MDSF.MVC\MDSF.MVC.csproj", "{A281381C-B2D3-4152-845E-469ACA2318D9}"
EndProject
Project("{FAE04EC0-301F-11D3-BF4B-00C04F79EFBC}") = "MDSF.Customer", "Domains\MDSF.Customer\MDSF.Customer.csproj", "{4781C281-AB70-4618-9D36-5B750B82C90F}"
EndProject
Global
	GlobalSection(SolutionConfigurationPlatforms) = preSolution
		Debug|Any CPU = Debug|Any CPU
		Release|Any CPU = Release|Any CPU
	EndGlobalSection
	GlobalSection(ProjectConfigurationPlatforms) = postSolution
		{AE1904EC-DD87-4FBA-A0E7-205CB3405F67}.Debug|Any CPU.ActiveCfg = Debug|Any CPU
		{AE1904EC-DD87-4FBA-A0E7-205CB3405F67}.Debug|Any CPU.Build.0 = Debug|Any CPU
		{AE1904EC-DD87-4FBA-A0E7-205CB3405F67}.Release|Any CPU.ActiveCfg = Release|Any CPU
		{AE1904EC-DD87-4FBA-A0E7-205CB3405F67}.Release|Any CPU.Build.0 = Release|Any CPU
		{75ED3978-9B31-4B60-A182-BDE413DC0145}.Debug|Any CPU.ActiveCfg = Debug|Any CPU
		{75ED3978-9B31-4B60-A182-BDE413DC0145}.Debug|Any CPU.Build.0 = Debug|Any CPU
		{75ED3978-9B31-4B60-A182-BDE413DC0145}.Release|Any CPU.ActiveCfg = Release|Any CPU
		{75ED3978-9B31-4B60-A182-BDE413DC0145}.Release|Any CPU.Build.0 = Release|Any CPU
		{1596B561-F017-4A90-A44C-D72313D1AC70}.Debug|Any CPU.ActiveCfg = Debug|Any CPU
		{1596B561-F017-4A90-A44C-D72313D1AC70}.Debug|Any CPU.Build.0 = Debug|Any CPU
		{1596B561-F017-4A90-A44C-D72313D1AC70}.Release|Any CPU.ActiveCfg = Release|Any CPU
		{1596B561-F017-4A90-A44C-D72313D1AC70}.Release|Any CPU.Build.0 = Release|Any CPU
		{8497E8BF-948C-4531-AC74-B286416F00CA}.Debug|Any CPU.ActiveCfg = Debug|Any CPU
		{8497E8BF-948C-4531-AC74-B286416F00CA}.Debug|Any CPU.Build.0 = Debug|Any CPU
		{8497E8BF-948C-4531-AC74-B286416F00CA}.Release|Any CPU.ActiveCfg = Release|Any CPU
		{8497E8BF-948C-4531-AC74-B286416F00CA}.Release|Any CPU.Build.0 = Release|Any CPU
		{0D69F199-E13F-4AFE-848D-FBBFFAD40E08}.Debug|Any CPU.ActiveCfg = Debug|Any CPU
		{0D69F199-E13F-4AFE-848D-FBBFFAD40E08}.Debug|Any CPU.Build.0 = Debug|Any CPU
		{0D69F199-E13F-4AFE-848D-FBBFFAD40E08}.Release|Any CPU.ActiveCfg = Release|Any CPU
		{0D69F199-E13F-4AFE-848D-FBBFFAD40E08}.Release|Any CPU.Build.0 = Release|Any CPU
		{18A13327-F091-476E-9539-AA38CD60CF3B}.Debug|Any CPU.ActiveCfg = Debug|Any CPU
		{18A13327-F091-476E-9539-AA38CD60CF3B}.Debug|Any CPU.Build.0 = Debug|Any CPU
		{18A13327-F091-476E-9539-AA38CD60CF3B}.Release|Any CPU.ActiveCfg = Release|Any CPU
		{18A13327-F091-476E-9539-AA38CD60CF3B}.Release|Any CPU.Build.0 = Release|Any CPU
		{36A93D82-056F-48C6-8E99-A86F716500EB}.Debug|Any CPU.ActiveCfg = Debug|Any CPU
		{36A93D82-056F-48C6-8E99-A86F716500EB}.Debug|Any CPU.Build.0 = Debug|Any CPU
		{36A93D82-056F-48C6-8E99-A86F716500EB}.Release|Any CPU.ActiveCfg = Release|Any CPU
		{36A93D82-056F-48C6-8E99-A86F716500EB}.Release|Any CPU.Build.0 = Release|Any CPU
		{A281381C-B2D3-4152-845E-469ACA2318D9}.Debug|Any CPU.ActiveCfg = Debug|Any CPU
		{A281381C-B2D3-4152-845E-469ACA2318D9}.Debug|Any CPU.Build.0 = Debug|Any CPU
		{A281381C-B2D3-4152-845E-469ACA2318D9}.Release|Any CPU.ActiveCfg = Release|Any CPU
		{A281381C-B2D3-4152-845E-469ACA2318D9}.Release|Any CPU.Build.0 = Release|Any CPU
		{4781C281-AB70-4618-9D36-5B750B82C90F}.Debug|Any CPU.ActiveCfg = Debug|Any CPU
		{4781C281-AB70-4618-9D36-5B750B82C90F}.Debug|Any CPU.Build.0 = Debug|Any CPU
		{4781C281-AB70-4618-9D36-5B750B82C90F}.Release|Any CPU.ActiveCfg = Release|Any CPU
		{4781C281-AB70-4618-9D36-5B750B82C90F}.Release|Any CPU.Build.0 = Release|Any CPU
	EndGlobalSection
	GlobalSection(SolutionProperties) = preSolution
		HideSolutionNode = FALSE
	EndGlobalSection
	GlobalSection(NestedProjects) = preSolution
		{AE1904EC-DD87-4FBA-A0E7-205CB3405F67} = {D8B97A53-C5BE-4875-BE5D-E8AE032CA715}
		{75ED3978-9B31-4B60-A182-BDE413DC0145} = {F151B4FD-5D6B-4568-946E-EC17845ED003}
		{1596B561-F017-4A90-A44C-D72313D1AC70} = {F151B4FD-5D6B-4568-946E-EC17845ED003}
		{8416C44F-BA02-4937-8677-0A878372910F} = {11543856-E345-4FB6-82F7-82589EE5A271}
		{1DA4FE66-8DFC-45A2-93F6-46A1022D7F37} = {11543856-E345-4FB6-82F7-82589EE5A271}
		{8497E8BF-948C-4531-AC74-B286416F00CA} = {1DA4FE66-8DFC-45A2-93F6-46A1022D7F37}
		{097266CC-52DC-4EF9-A7C1-7C85FAFE7A3D} = {8416C44F-BA02-4937-8677-0A878372910F}
		{0D69F199-E13F-4AFE-848D-FBBFFAD40E08} = {42F66CB6-5D86-4E3D-8ACC-A52C9E76A38E}
		{18A13327-F091-476E-9539-AA38CD60CF3B} = {097266CC-52DC-4EF9-A7C1-7C85FAFE7A3D}
		{36A93D82-056F-48C6-8E99-A86F716500EB} = {097266CC-52DC-4EF9-A7C1-7C85FAFE7A3D}
		{42F66CB6-5D86-4E3D-8ACC-A52C9E76A38E} = {8416C44F-BA02-4937-8677-0A878372910F}
		{B2F10C4B-07A8-44E3-8C33-F915F105B43D} = {8416C44F-BA02-4937-8677-0A878372910F}
		{A281381C-B2D3-4152-845E-469ACA2318D9} = {B2F10C4B-07A8-44E3-8C33-F915F105B43D}
		{4781C281-AB70-4618-9D36-5B750B82C90F} = {F151B4FD-5D6B-4568-946E-EC17845ED003}
	EndGlobalSection
	GlobalSection(ExtensibilityGlobals) = postSolution
		SolutionGuid = {1B8A8642-A79A-45EC-B8FB-E3F6D69D319C}
	EndGlobalSection
EndGlobal
